# This file is generated by running "yarn install" inside your project.
# Manual changes might be lost - proceed with caution!

__metadata:
  version: 8
  cacheKey: 10c0

"@react-native/normalize-color@npm:^2.1.0":
  version: 2.1.0
  resolution: "@react-native/normalize-color@npm:2.1.0"
  checksum: 95814a1e2aac9c00dfc2c65f9e2caec07f70d3dba903b5640f5cf24605bf39863e572f2a5138a85d1c514fb3c33f6931595e0a9f738a58b5c220ee74f2bec13b
  languageName: node
  linkType: hard

"@rescript/react@npm:*":
  version: 0.11.0
  resolution: "@rescript/react@npm:0.11.0"
  peerDependencies:
    react: ">=18.0.0"
    react-dom: ">=18.0.0"
  checksum: e4f7a276d0d6b5b44f68724f9ef4231c604521db97ab77176352d94c687fe807d92f18697e369ac2544b07a79d741efa8d5f4381eae84add839c160d27e37ad5
  languageName: node
  linkType: hard

"@tamagui/compose-refs@npm:1.79.2":
  version: 1.79.2
  resolution: "@tamagui/compose-refs@npm:1.79.2"
  peerDependencies:
    react: "*"
  checksum: 3f47133ffb332cfa6c6b410cb83da01602940291c1aeb03c265aa74ba2c0385eb1967f06f725bc3c210a7629c2ab03f9ceef1ed9c3bf4651a13e633248385144
  languageName: node
  linkType: hard

"@tamagui/constants@npm:1.79.2":
  version: 1.79.2
  resolution: "@tamagui/constants@npm:1.79.2"
  peerDependencies:
    react: "*"
  checksum: 579140bb2b993a3c7923aef5d3b0fd7a75c86de1fd38548d585ca2a4610b6a65017b650d47aeb257ba9430c38c5096b4c83b4ce8d482be5b3be94f3f39cd1d31
  languageName: node
  linkType: hard

"@tamagui/core@npm:*":
  version: 1.79.2
  resolution: "@tamagui/core@npm:1.79.2"
  dependencies:
    "@tamagui/react-native-use-pressable": "npm:1.79.2"
    "@tamagui/react-native-use-responder-events": "npm:1.79.2"
    "@tamagui/use-event": "npm:1.79.2"
    "@tamagui/web": "npm:1.79.2"
  peerDependencies:
    react: "*"
  checksum: 099a301319537e8214152edc58418769f898ca3bc1708280ef29bdd396dfb17622fff96e26dd073f0417aa990c8df7c2d202faac1f19af0a0564fd97489acbe8
  languageName: node
  linkType: hard

"@tamagui/helpers@npm:1.79.2":
  version: 1.79.2
  resolution: "@tamagui/helpers@npm:1.79.2"
  dependencies:
    "@tamagui/constants": "npm:1.79.2"
    "@tamagui/simple-hash": "npm:1.79.2"
  checksum: 98583fbef44b8e5fa6c769bf7669152863f2b6b50ca3626fccc67bef5f88a2a6c142b41e0fb187ad789de19c060162d9ae655fd9ecc0ec4d0fd0a73c3e478426
  languageName: node
  linkType: hard

"@tamagui/normalize-css-color@npm:1.79.2":
  version: 1.79.2
  resolution: "@tamagui/normalize-css-color@npm:1.79.2"
  dependencies:
    "@react-native/normalize-color": "npm:^2.1.0"
  checksum: 16b9758dfe8f12b6d381f083fdd80c8fbe8fa5d7c411a648b30a53547326bd8297acd3e98923b9de19c267fe0b1458243b9d31bebc65972b008a08792163faab
  languageName: node
  linkType: hard

"@tamagui/react-native-use-pressable@npm:1.79.2":
  version: 1.79.2
  resolution: "@tamagui/react-native-use-pressable@npm:1.79.2"
  peerDependencies:
    react: "*"
  checksum: afedf9978bd65e94372ac0e01f40ca18d9942b90a57a964429a6ac447a0f9690ef9fe89856e8307a551032fff70e1debac1065f3e2d7a48a2c45e5fd3a040f6e
  languageName: node
  linkType: hard

"@tamagui/react-native-use-responder-events@npm:1.79.2":
  version: 1.79.2
  resolution: "@tamagui/react-native-use-responder-events@npm:1.79.2"
  peerDependencies:
    react: "*"
  checksum: 67aa9dac571094dbd992f03203d3f2a381541d216bcd45dfdede61c8da8dec1ec8acb9d1ed3721024f65da4de47f714a39ce1c25555c4e9c7a1d64bc14a860b4
  languageName: node
  linkType: hard

"@tamagui/simple-hash@npm:1.79.2":
  version: 1.79.2
  resolution: "@tamagui/simple-hash@npm:1.79.2"
  checksum: 65a09cae2321627e3985d21bccb3ac663e426372ce80156ce0b42b7b249d524aadc7d94c49c963a177009477fdb35b7f564e4116858d192d9db28d6dfbf52701
  languageName: node
  linkType: hard

"@tamagui/timer@npm:1.79.2":
  version: 1.79.2
  resolution: "@tamagui/timer@npm:1.79.2"
  checksum: e395595905570f9fff146ba4f8e9d3f056697f85fb1b7c550503dae98a295732ac712857c0a4b5a49b5febbe1ed26814bbab6751dc7528a3b88c8152ac051349
  languageName: node
  linkType: hard

"@tamagui/use-did-finish-ssr@npm:1.79.2":
  version: 1.79.2
  resolution: "@tamagui/use-did-finish-ssr@npm:1.79.2"
  dependencies:
    "@tamagui/constants": "npm:1.79.2"
  peerDependencies:
    react: "*"
  checksum: 95cf295868cbcd764f2d5057effb9fc83be0961c6e7051414b3cfdf2e1e41fbe55fdbdd806cd322ff0a5fb803c36799774bfe2504b0499cd5b3fc719716caf70
  languageName: node
  linkType: hard

"@tamagui/use-event@npm:1.79.2":
  version: 1.79.2
  resolution: "@tamagui/use-event@npm:1.79.2"
  peerDependencies:
    react: "*"
  checksum: 832e45f350f413aa00080785ceb1b16c966ae6d30760e1e5b3b081e43563914ab30b48ffa15cb7cc4cad9e15afa9379ac3929b84763011ae75305edf3c4366c0
  languageName: node
  linkType: hard

"@tamagui/use-force-update@npm:1.79.2":
  version: 1.79.2
  resolution: "@tamagui/use-force-update@npm:1.79.2"
  peerDependencies:
    react: "*"
  checksum: 4927c6959a9b88063033e1451d216f6d095091873bcd37ced22b49a08aae0d775ec0916e3153f0cda3dc6a56746fc7286fd28520fb66c770bd992bdc2fdd3da2
  languageName: node
  linkType: hard

"@tamagui/web@npm:1.79.2":
  version: 1.79.2
  resolution: "@tamagui/web@npm:1.79.2"
  dependencies:
    "@tamagui/compose-refs": "npm:1.79.2"
    "@tamagui/constants": "npm:1.79.2"
    "@tamagui/helpers": "npm:1.79.2"
    "@tamagui/normalize-css-color": "npm:1.79.2"
    "@tamagui/timer": "npm:1.79.2"
    "@tamagui/use-did-finish-ssr": "npm:1.79.2"
    "@tamagui/use-event": "npm:1.79.2"
    "@tamagui/use-force-update": "npm:1.79.2"
  peerDependencies:
    react: "*"
  checksum: 82d79f2b3a08e1acd70dc69ba6ddaa7948e704c325d635f357550315c85e1fcf7d8e23f5b4398f368291ec32d224a4ec4aed94ad45596e71ba6a8009d1d6db1e
  languageName: node
  linkType: hard

"react-tamagui@workspace:.":
  version: 0.0.0-use.local
  resolution: "react-tamagui@workspace:."
  dependencies:
    "@rescript/react": "npm:*"
    "@tamagui/core": "npm:*"
    rescript: "npm:*"
  peerDependencies:
    "@tamagui/core": ">= 1.75.0"
  languageName: unknown
  linkType: soft

"rescript@npm:*":
  version: 10.1.4
  resolution: "rescript@npm:10.1.4"
  bin:
    bsc: bsc
    bsrefmt: bsrefmt
    bstracing: lib/bstracing
    rescript: rescript
  checksum: 2549750314c865beed52f3fe828ca653386c784e053e640e011ef8165594757702abfe080f4ead5b0c95c3f577b1dd98a3df937e8e5256d69bc6bb13c8e31124
  languageName: node
  linkType: hard
